
Microsoft Visual Studio Solution File, Format Version 12.00
# Visual Studio 2012
Project("{8BC9CEB8-8B4A-11D0-8D11-00A0C91BC942}") = "PA_8", "PA_8\PA_8.vcxproj", "{BE0E6897-1636-4BA1-8F31-1B3304CAFC28}"
EndProject
Global
	GlobalSection(SolutionConfigurationPlatforms) = preSolution
		Debug|Win32 = Debug|Win32
		Release|Win32 = Release|Win32
	EndGlobalSection
	GlobalSection(ProjectConfigurationPlatforms) = postSolution
		{BE0E6897-1636-4BA1-8F31-1B3304CAFC28}.Debug|Win32.ActiveCfg = Debug|Win32
		{BE0E6897-1636-4BA1-8F31-1B3304CAFC28}.Debug|Win32.Build.0 = Debug|Win32
		{BE0E6897-1636-4BA1-8F31-1B3304CAFC28}.Release|Win32.ActiveCfg = Release|Win32
		{BE0E6897-1636-4BA1-8F31-1B3304CAFC28}.Release|Win32.Build.0 = Release|Win32
	EndGlobalSection
	GlobalSection(SolutionProperties) = preSolution
		HideSolutionNode = FALSE
	EndGlobalSection
EndGlobal
