
Microsoft Visual Studio Solution File, Format Version 12.00
# Visual Studio 2012
Project("{8BC9CEB8-8B4A-11D0-8D11-00A0C91BC942}") = "PA7OptionB", "PA7OptionB\PA7OptionB.vcxproj", "{C31862C9-8E19-4B23-8505-9C8164D7F02D}"
EndProject
Global
	GlobalSection(SolutionConfigurationPlatforms) = preSolution
		Debug|Win32 = Debug|Win32
		Release|Win32 = Release|Win32
	EndGlobalSection
	GlobalSection(ProjectConfigurationPlatforms) = postSolution
		{C31862C9-8E19-4B23-8505-9C8164D7F02D}.Debug|Win32.ActiveCfg = Debug|Win32
		{C31862C9-8E19-4B23-8505-9C8164D7F02D}.Debug|Win32.Build.0 = Debug|Win32
		{C31862C9-8E19-4B23-8505-9C8164D7F02D}.Release|Win32.ActiveCfg = Release|Win32
		{C31862C9-8E19-4B23-8505-9C8164D7F02D}.Release|Win32.Build.0 = Release|Win32
	EndGlobalSection
	GlobalSection(SolutionProperties) = preSolution
		HideSolutionNode = FALSE
	EndGlobalSection
EndGlobal
